<?xml version="1.0" encoding="utf-8"?>
<Project ToolsVersion="4.0" xmlns="http://schemas.microsoft.com/developer/msbuild/2003">
  <ItemGroup>
    <ClCompile Include="10026.cpp" />
    <ClCompile Include="1012.cpp" />
    <ClCompile Include="1018.cpp" />
    <ClCompile Include="10828.cpp" />
    <ClCompile Include="10844.cpp" />
    <ClCompile Include="10845.cpp" />
    <ClCompile Include="10868.cpp" />
    <ClCompile Include="10999-1.cpp" />
    <ClCompile Include="10999.cpp" />
    <ClCompile Include="11052.cpp" />
    <ClCompile Include="11501.cpp" />
    <ClCompile Include="11505.cpp" />
    <ClCompile Include="1158.cpp" />
    <ClCompile Include="11650.cpp" />
    <ClCompile Include="11724.cpp" />
    <ClCompile Include="11779.cpp" />
    <ClCompile Include="1202.cpp" />
    <ClCompile Include="1238.cpp" />
    <ClCompile Include="1244.cpp" />
    <ClCompile Include="1260.cpp" />
    <ClCompile Include="1261.cpp" />
    <ClCompile Include="1275.cpp" />
    <ClCompile Include="12837.cpp" />
    <ClCompile Include="13549.cpp" />
    <ClCompile Include="1406.cpp" />
    <ClCompile Include="1427.cpp" />
    <ClCompile Include="1436.cpp" />
    <ClCompile Include="14428.cpp" />
    <ClCompile Include="14438.cpp" />
    <ClCompile Include="14499.cpp" />
    <ClCompile Include="14500.cpp" />
    <ClCompile Include="14502.cpp" />
    <ClCompile Include="14503.cpp" />
    <ClCompile Include="1463.cpp" />
    <ClCompile Include="14891.cpp" />
    <ClCompile Include="1504.cpp" />
    <ClCompile Include="1517-1.cpp" />
    <ClCompile Include="1517.cpp" />
    <ClCompile Include="1541.cpp" />
    <ClCompile Include="15683.cpp" />
    <ClCompile Include="15685.cpp" />
    <ClCompile Include="15686.cpp" />
    <ClCompile Include="16234.cpp" />
    <ClCompile Include="16235.cpp" />
    <ClCompile Include="16236.cpp" />
    <ClCompile Include="16926.cpp" />
    <ClCompile Include="16967.cpp" />
    <ClCompile Include="1697.cpp" />
    <ClCompile Include="16975.cpp" />
    <ClCompile Include="17070.cpp" />
    <ClCompile Include="17144.cpp" />
    <ClCompile Include="1715.cpp" />
    <ClCompile Include="1725.cpp" />
    <ClCompile Include="1753.cpp" />
    <ClCompile Include="1759.cpp" />
    <ClCompile Include="1766.cpp" />
    <ClCompile Include="1802.cpp" />
    <ClCompile Include="18352.cpp" />
    <ClCompile Include="1874.cpp" />
    <ClCompile Include="1916.cpp" />
    <ClCompile Include="1911.cpp" />
    <ClCompile Include="1931.cpp" />
    <ClCompile Include="1935.cpp" />
    <ClCompile Include="19532.cpp" />
    <ClCompile Include="1987.cpp" />
    <ClCompile Include="2011.cpp" />
    <ClCompile Include="2042.cpp" />
    <ClCompile Include="2108.cpp" />
    <ClCompile Include="2164.cpp" />
    <ClCompile Include="2193.cpp" />
    <ClCompile Include="2212\9012.cpp" />
    <ClCompile Include="2243-1.cpp" />
    <ClCompile Include="2243.cpp" />
    <ClCompile Include="2268.cpp" />
    <ClCompile Include="2293.cpp" />
    <ClCompile Include="2357.cpp" />
    <ClCompile Include="2493.cpp" />
    <ClCompile Include="2517.cpp" />
    <ClCompile Include="25350.cpp" />
    <ClCompile Include="2579.cpp" />
    <ClCompile Include="2583.cpp" />
    <ClCompile Include="2606.cpp" />
    <ClCompile Include="2468.cpp" />
    <ClCompile Include="2636.cpp" />
    <ClCompile Include="2644.cpp" />
    <ClCompile Include="2665.cpp" />
    <ClCompile Include="2667.cpp" />
    <ClCompile Include="2750.cpp" />
    <ClCompile Include="2751.cpp" />
    <ClCompile Include="2785.cpp" />
    <ClCompile Include="2822.cpp" />
    <ClCompile Include="3190.cpp" />
    <ClCompile Include="3653.cpp" />
    <ClCompile Include="4485.cpp" />
    <ClCompile Include="4673.cpp" />
    <ClCompile Include="4693.cpp" />
    <ClCompile Include="5014.cpp" />
    <ClCompile Include="5430.cpp" />
    <ClCompile Include="5676.cpp" />
    <ClCompile Include="6549.cpp" />
    <ClCompile Include="6603.cpp" />
    <ClCompile Include="7562.cpp" />
    <ClCompile Include="7569.cpp" />
    <ClCompile Include="7576.cpp" />
    <ClCompile Include="7578.cpp" />
    <ClCompile Include="7662.cpp" />
    <ClCompile Include="9663.cpp" />
    <ClCompile Include="k진수에서 소수 개수 구하기.cpp" />
    <ClCompile Include="n^2 배열 자르기.cpp" />
    <ClCompile Include="pch.cpp" />
    <ClCompile Include="running_race.cpp" />
    <ClCompile Include="과제진행하기.cpp" />
    <ClCompile Include="광물캐기.cpp" />
    <ClCompile Include="교점에 별 만들기.cpp" />
    <ClCompile Include="귤 고르기.cpp" />
    <ClCompile Include="당구연습.cpp" />
    <ClCompile Include="두 원사이의 정수쌍.cpp" />
    <ClCompile Include="두큐합같게만들기.cpp" />
    <ClCompile Include="뒤에있는큰수.cpp" />
    <ClCompile Include="롤케이크자르기.cpp" />
    <ClCompile Include="리코쳇 로봇.cpp" />
    <ClCompile Include="마법의엘레베이터.cpp" />
    <ClCompile Include="무인도여행.cpp" />
    <ClCompile Include="미로 탈출.cpp" />
    <ClCompile Include="소스.cpp" />
    <ClCompile Include="숫자 카드 나누기.cpp" />
    <ClCompile Include="숫자변환하기.cpp" />
    <ClCompile Include="시소짝꿍.cpp" />
    <ClCompile Include="양궁대회.cpp" />
    <ClCompile Include="연속 부분 수열 합의 개수.cpp" />
    <ClCompile Include="연속된 부분 수열의 합.cpp" />
    <ClCompile Include="요격시스템.cpp" />
    <ClCompile Include="우박수열정적분.cpp" />
    <ClCompile Include="유사칸토어비트열.cpp" />
    <ClCompile Include="이모티콘 할인행사.cpp" />
    <ClCompile Include="전력망을 둘로 나누기.cpp" />
    <ClCompile Include="전력망을둘로나누기.cpp" />
    <ClCompile Include="점프와순간이동.cpp" />
    <ClCompile Include="택배 배달과 수거하기.cpp" />
    <ClCompile Include="택배상자.cpp" />
    <ClCompile Include="테이블 해시 함수.cpp" />
    <ClCompile Include="피로도.cpp" />
    <ClCompile Include="할인행사.cpp" />
    <ClCompile Include="호텔 대실.cpp" />
    <ClCompile Include="혼자놀기의달인.cpp" />
    <ClCompile Include="혼자서 하는 틱택토.cpp" />
    <ClCompile Include="2178.cpp" />
    <ClCompile Include="빛의 경로 사이클.cpp" />
    <ClCompile Include="모음사전.cpp" />
    <ClCompile Include="거리두기확인.cpp" />
    <ClCompile Include="2개 이하로 다른 비트.cpp" />
    <ClCompile Include="행렬 테두리 회전하기.cpp" />
    <ClCompile Include="괄호회전하기.cpp" />
  </ItemGroup>
  <ItemGroup>
    <ClInclude Include="pch.h" />
  </ItemGroup>
  <ItemGroup>
    <None Include="9095.cpp" />
  </ItemGroup>
</Project>